{
    "name": "gm-code-vsc",
    "version": "0.2.4",
    "lockfileVersion": 3,
    "requires": true,
    "packages": {
        "": {
            "name": "gm-code-vsc",
            "version": "0.2.4",
            "license": "MIT OR Apache-2.0",
            "dependencies": {
                "vscode-languageclient": "8.1.0",
                "yy-boss-api": "0.1.0"
            },
            "devDependencies": {
                "@types/node": "^17.0.0",
                "@types/vscode": "^1.66.0",
                "esbuild": "^0.14.36"
            },
            "engines": {
                "vscode": "^1.81.0"
            }
        },
        "../yy-boss-api": {
            "version": "0.1.0",
            "license": "MIT"
        },
        "node_modules/@types/node": {
            "version": "17.0.23",
            "dev": true,
            "license": "MIT"
        },
        "node_modules/@types/vscode": {
            "version": "1.66.0",
            "dev": true,
            "license": "MIT"
        },
        "node_modules/balanced-match": {
            "version": "1.0.2",
            "license": "MIT"
        },
        "node_modules/brace-expansion": {
            "version": "2.0.1",
            "license": "MIT",
            "dependencies": {
                "balanced-match": "^1.0.0"
            }
        },
        "node_modules/esbuild": {
            "version": "0.14.36",
            "dev": true,
            "hasInstallScript": true,
            "license": "MIT",
            "bin": {
                "esbuild": "bin/esbuild"
            },
            "engines": {
                "node": ">=12"
            },
            "optionalDependencies": {
                "esbuild-android-64": "0.14.36",
                "esbuild-android-arm64": "0.14.36",
                "esbuild-darwin-64": "0.14.36",
                "esbuild-darwin-arm64": "0.14.36",
                "esbuild-freebsd-64": "0.14.36",
                "esbuild-freebsd-arm64": "0.14.36",
                "esbuild-linux-32": "0.14.36",
                "esbuild-linux-64": "0.14.36",
                "esbuild-linux-arm": "0.14.36",
                "esbuild-linux-arm64": "0.14.36",
                "esbuild-linux-mips64le": "0.14.36",
                "esbuild-linux-ppc64le": "0.14.36",
                "esbuild-linux-riscv64": "0.14.36",
                "esbuild-linux-s390x": "0.14.36",
                "esbuild-netbsd-64": "0.14.36",
                "esbuild-openbsd-64": "0.14.36",
                "esbuild-sunos-64": "0.14.36",
                "esbuild-windows-32": "0.14.36",
                "esbuild-windows-64": "0.14.36",
                "esbuild-windows-arm64": "0.14.36"
            }
        },
        "node_modules/esbuild-darwin-arm64": {
            "version": "0.14.36",
            "cpu": [
                "arm64"
            ],
            "dev": true,
            "license": "MIT",
            "optional": true,
            "os": [
                "darwin"
            ],
            "engines": {
                "node": ">=12"
            }
        },
        "node_modules/lru-cache": {
            "version": "6.0.0",
            "license": "ISC",
            "dependencies": {
                "yallist": "^4.0.0"
            },
            "engines": {
                "node": ">=10"
            }
        },
        "node_modules/minimatch": {
            "version": "5.1.6",
            "license": "ISC",
            "dependencies": {
                "brace-expansion": "^2.0.1"
            },
            "engines": {
                "node": ">=10"
            }
        },
        "node_modules/semver": {
            "version": "7.5.4",
            "license": "ISC",
            "dependencies": {
                "lru-cache": "^6.0.0"
            },
            "bin": {
                "semver": "bin/semver.js"
            },
            "engines": {
                "node": ">=10"
            }
        },
        "node_modules/vscode-jsonrpc": {
            "version": "8.1.0",
            "license": "MIT",
            "engines": {
                "node": ">=14.0.0"
            }
        },
        "node_modules/vscode-languageclient": {
            "version": "8.1.0",
            "license": "MIT",
            "dependencies": {
                "minimatch": "^5.1.0",
                "semver": "^7.3.7",
                "vscode-languageserver-protocol": "3.17.3"
            },
            "engines": {
                "vscode": "^1.67.0"
            }
        },
        "node_modules/vscode-languageserver-protocol": {
            "version": "3.17.3",
            "license": "MIT",
            "dependencies": {
                "vscode-jsonrpc": "8.1.0",
                "vscode-languageserver-types": "3.17.3"
            }
        },
        "node_modules/vscode-languageserver-types": {
            "version": "3.17.3",
            "license": "MIT"
        },
        "node_modules/yallist": {
            "version": "4.0.0",
            "license": "ISC"
        },
        "node_modules/yy-boss-api": {
            "resolved": "../yy-boss-api",
            "link": true
        }
    }
}
